
Microsoft Visual Studio Solution File, Format Version 12.00
# Visual Studio Version 17
VisualStudioVersion = 17.6.33829.357
MinimumVisualStudioVersion = 10.0.40219.1
Project("{FAE04EC0-301F-11D3-BF4B-00C04F79EFBC}") = "FYP-Management-System", "FYP-Management-System.csproj", "{3E32737C-0486-4D12-A289-859E6CAA5CF8}"
EndProject
Global
	GlobalSection(SolutionConfigurationPlatforms) = preSolution
		Debug|Any CPU = Debug|Any CPU
		Release|Any CPU = Release|Any CPU
	EndGlobalSection
	GlobalSection(ProjectConfigurationPlatforms) = postSolution
		{3E32737C-0486-4D12-A289-859E6CAA5CF8}.Debug|Any CPU.ActiveCfg = Debug|Any CPU
		{3E32737C-0486-4D12-A289-859E6CAA5CF8}.Debug|Any CPU.Build.0 = Debug|Any CPU
		{3E32737C-0486-4D12-A289-859E6CAA5CF8}.Release|Any CPU.ActiveCfg = Release|Any CPU
		{3E32737C-0486-4D12-A289-859E6CAA5CF8}.Release|Any CPU.Build.0 = Release|Any CPU
	EndGlobalSection
	GlobalSection(SolutionProperties) = preSolution
		HideSolutionNode = FALSE
	EndGlobalSection
	GlobalSection(ExtensibilityGlobals) = postSolution
		SolutionGuid = {8AEC6175-7821-4FF9-9927-64E5D2E09B2C}
	EndGlobalSection
EndGlobal
